
Microsoft Visual Studio Solution File, Format Version 12.00
# Visual Studio Version 17
VisualStudioVersion = 17.7.33913.275
MinimumVisualStudioVersion = 10.0.40219.1
Project("{9A19103F-16F7-4668-BE54-9A1E7A4F7556}") = "Net8Samples", "Net8Samples.csproj", "{1ECB0268-2360-4328-8988-9B7AD74DC652}"
EndProject
Project("{9A19103F-16F7-4668-BE54-9A1E7A4F7556}") = "Net8WebApi", "..\Net8WebApi\Net8WebApi.csproj", "{920046EB-F9FC-41D5-8DDF-3987B73C5470}"
EndProject
Project("{FAE04EC0-301F-11D3-BF4B-00C04F79EFBC}") = "DockerStats", "..\DockerStats\DockerStats.csproj", "{1EC09552-C956-4529-8CF4-F68547A4607E}"
EndProject
Global
	GlobalSection(SolutionConfigurationPlatforms) = preSolution
		Debug|Any CPU = Debug|Any CPU
		Release|Any CPU = Release|Any CPU
	EndGlobalSection
	GlobalSection(ProjectConfigurationPlatforms) = postSolution
		{1ECB0268-2360-4328-8988-9B7AD74DC652}.Debug|Any CPU.ActiveCfg = Debug|Any CPU
		{1ECB0268-2360-4328-8988-9B7AD74DC652}.Debug|Any CPU.Build.0 = Debug|Any CPU
		{1ECB0268-2360-4328-8988-9B7AD74DC652}.Release|Any CPU.ActiveCfg = Release|Any CPU
		{1ECB0268-2360-4328-8988-9B7AD74DC652}.Release|Any CPU.Build.0 = Release|Any CPU
		{920046EB-F9FC-41D5-8DDF-3987B73C5470}.Debug|Any CPU.ActiveCfg = Debug|Any CPU
		{920046EB-F9FC-41D5-8DDF-3987B73C5470}.Debug|Any CPU.Build.0 = Debug|Any CPU
		{920046EB-F9FC-41D5-8DDF-3987B73C5470}.Release|Any CPU.ActiveCfg = Release|Any CPU
		{920046EB-F9FC-41D5-8DDF-3987B73C5470}.Release|Any CPU.Build.0 = Release|Any CPU
		{1EC09552-C956-4529-8CF4-F68547A4607E}.Debug|Any CPU.ActiveCfg = Debug|Any CPU
		{1EC09552-C956-4529-8CF4-F68547A4607E}.Debug|Any CPU.Build.0 = Debug|Any CPU
		{1EC09552-C956-4529-8CF4-F68547A4607E}.Release|Any CPU.ActiveCfg = Release|Any CPU
		{1EC09552-C956-4529-8CF4-F68547A4607E}.Release|Any CPU.Build.0 = Release|Any CPU
	EndGlobalSection
	GlobalSection(SolutionProperties) = preSolution
		HideSolutionNode = FALSE
	EndGlobalSection
	GlobalSection(ExtensibilityGlobals) = postSolution
		SolutionGuid = {0E1C3343-4928-447D-B49F-D89CDEE01584}
	EndGlobalSection
EndGlobal
