
Microsoft Visual Studio Solution File, Format Version 12.00
# Visual Studio Version 17
VisualStudioVersion = 17.7.33913.275
MinimumVisualStudioVersion = 10.0.40219.1
Project("{9A19103F-16F7-4668-BE54-9A1E7A4F7556}") = "Net8Samples", "Net8Samples.csproj", "{1ECB0268-2360-4328-8988-9B7AD74DC652}"
EndProject
Project("{9A19103F-16F7-4668-BE54-9A1E7A4F7556}") = "Net8WebApi", "..\Net8WebApi\Net8WebApi.csproj", "{920046EB-F9FC-41D5-8DDF-3987B73C5470}"
EndProject
Project("{9A19103F-16F7-4668-BE54-9A1E7A4F7556}") = "DockerStats", "..\DockerStats\DockerStats.csproj", "{1EC09552-C956-4529-8CF4-F68547A4607E}"
EndProject
Project("{9A19103F-16F7-4668-BE54-9A1E7A4F7556}") = "SimpleApp", "..\SimpleApp\SimpleApp.csproj", "{7597038B-6A9C-4549-98FE-2184E367CCEF}"
EndProject
Project("{9A19103F-16F7-4668-BE54-9A1E7A4F7556}") = "DemoApp1", "..\DemoApp1\DemoApp1.csproj", "{BF03FFFE-E8C3-4742-B81C-302674C425B2}"
EndProject
Project("{9A19103F-16F7-4668-BE54-9A1E7A4F7556}") = "DemoApi", "..\DemoApi\DemoApi.csproj", "{1B4491B8-B57C-46DD-AB78-BF59C4909982}"
EndProject
Project("{9A19103F-16F7-4668-BE54-9A1E7A4F7556}") = "K8SDemo", "..\K8SDemo\K8SDemo.csproj", "{06633E1B-0F28-4776-AE77-E7F4D80A552E}"
EndProject
Project("{9A19103F-16F7-4668-BE54-9A1E7A4F7556}") = "MinimalApiDemo", "..\MinimalApiDemo\MinimalApiDemo.csproj", "{54B0FC7E-BAE8-4947-842F-D7092B0882BA}"
EndProject
Project("{9A19103F-16F7-4668-BE54-9A1E7A4F7556}") = "EmptyMinimalApiDemo", "..\EmptyMinimalApiDemo\EmptyMinimalApiDemo.csproj", "{BAE65635-414F-4A83-AA40-04D4D750D31D}"
EndProject
Project("{9A19103F-16F7-4668-BE54-9A1E7A4F7556}") = "ConsoleApp2", "..\ConsoleApp2\ConsoleApp2.csproj", "{080BB331-C2EA-41F1-B270-33C3B7E38096}"
EndProject
Project("{9A19103F-16F7-4668-BE54-9A1E7A4F7556}") = "BenchmarkDemo", "..\BenchmarkDemo\BenchmarkDemo.csproj", "{D31A2CBF-09EF-4171-82C7-C34AF2999713}"
EndProject
Project("{9A19103F-16F7-4668-BE54-9A1E7A4F7556}") = "WebApplication1", "..\WebApplication1\WebApplication1.csproj", "{DEE8888C-28B8-4C36-8883-AF0C330047C0}"
EndProject
Project("{9A19103F-16F7-4668-BE54-9A1E7A4F7556}") = "LocationWatermark", "..\LocationWatermark\LocationWatermark.csproj", "{021E721E-6694-43CE-B152-848547972813}"
EndProject
Project("{9A19103F-16F7-4668-BE54-9A1E7A4F7556}") = "XplorStartupLogger", "..\XplorStartupLogger\XplorStartupLogger.csproj", "{039BA12B-6B54-4FDB-8EC3-C90756536F9F}"
EndProject
Project("{9A19103F-16F7-4668-BE54-9A1E7A4F7556}") = "ConsoleApp2UnitTests", "..\ConsoleApp2UnitTests\ConsoleApp2UnitTests.csproj", "{D3C7578B-0657-4BB0-A10A-4D8F84A73B15}"
EndProject
Project("{9A19103F-16F7-4668-BE54-9A1E7A4F7556}") = "RestApiDemo", "..\RestApiDemo\RestApiDemo.csproj", "{75E2F006-5FF4-4EEE-BDAB-08AA42D415B7}"
EndProject
Project("{9A19103F-16F7-4668-BE54-9A1E7A4F7556}") = "MultipleAWSQueues", "..\MultipleAWSQueues\MultipleAWSQueues.csproj", "{DA3B53F4-A1A8-4EA4-8277-A2C49CD8E630}"
EndProject
Project("{9A19103F-16F7-4668-BE54-9A1E7A4F7556}") = "SemanticPluginDemo", "..\SemanticPluginDemo\SemanticPluginDemo.csproj", "{EA38BF80-ADEB-4649-A44D-0DF2057DF03D}"
EndProject
Project("{9A19103F-16F7-4668-BE54-9A1E7A4F7556}") = "SourceGen", "..\SourceGen\SourceGen.csproj", "{79F3F701-64EB-4100-A690-580211B1834B}"
EndProject
Project("{9A19103F-16F7-4668-BE54-9A1E7A4F7556}") = "OtelDemo", "..\OtelDemo\OtelDemo.csproj", "{FCFC7FB7-52BD-472F-BE6E-F478CBA1A533}"
EndProject
Project("{9A19103F-16F7-4668-BE54-9A1E7A4F7556}") = "DicomEncoder", "..\DicomEncoder\DicomEncoder.csproj", "{DDABD2D4-BFBA-4F59-BA16-759D012C7F15}"
EndProject
Project("{9A19103F-16F7-4668-BE54-9A1E7A4F7556}") = "KestralTcpServer", "..\KestralTcpServer\KestralTcpServer.csproj", "{5115CFFB-7531-4095-9116-DBA607F19930}"
EndProject
Project("{9A19103F-16F7-4668-BE54-9A1E7A4F7556}") = "WebAppWithTcp", "..\WebAppWithTcp\WebAppWithTcp.csproj", "{9447E0B7-9777-44AF-AE8C-1851F1C3640A}"
EndProject
Project("{9A19103F-16F7-4668-BE54-9A1E7A4F7556}") = "KestrelTcpServerWithMinimal", "..\KestrelTcpServerWithMinimal\KestrelTcpServerWithMinimal.csproj", "{CD5E0D2F-4F14-4A86-85C5-77AD8DB9FA19}"
EndProject
Project("{9A19103F-16F7-4668-BE54-9A1E7A4F7556}") = "EfJobProcessingDemo", "..\EfJobProcessingDemo\EfJobProcessingDemo.csproj", "{B1CA6007-5CE3-4C94-905B-13D33D975A84}"
EndProject
Project("{9A19103F-16F7-4668-BE54-9A1E7A4F7556}") = "SimpleWebApi", "..\SimpleWebApi\SimpleWebApi.csproj", "{18E3B6F3-50DE-44BF-A1C0-B11D34164999}"
EndProject
Project("{9A19103F-16F7-4668-BE54-9A1E7A4F7556}") = "WinSvcApiServer", "..\WinSvcApiServer\WinSvcApiServer.csproj", "{4827B10A-CE22-47ED-95E5-71354856A913}"
EndProject
Project("{9A19103F-16F7-4668-BE54-9A1E7A4F7556}") = "PeriodicTimerWithDynamicConfigUpdate", "..\PeriodicTimerWithDynamicConfigUpdate\PeriodicTimerWithDynamicConfigUpdate.csproj", "{BD111AF5-2EF8-4388-90D5-68749AF09B3C}"
EndProject
Project("{9A19103F-16F7-4668-BE54-9A1E7A4F7556}") = "DemoEventLog", "..\DemoEventLog\DemoEventLog.csproj", "{57E6B090-281B-4F50-A60D-781B8A652346}"
EndProject
Project("{9A19103F-16F7-4668-BE54-9A1E7A4F7556}") = "AIdemo", "..\AIdemo\AIdemo.csproj", "{A8A83B7F-5754-485F-AF37-BE0BE6750C8B}"
EndProject
Project("{9A19103F-16F7-4668-BE54-9A1E7A4F7556}") = "SimpleSyslogServer", "..\SimpleSyslogServer\SimpleSyslogServer.csproj", "{D6C0101D-7789-4B41-A222-C6DD521576D8}"
EndProject
Project("{FAE04EC0-301F-11D3-BF4B-00C04F79EFBC}") = "OtelDemoWithApi", "..\OtelDemoWithApi\OtelDemoWithApi.csproj", "{1600F87A-F23E-4265-94CC-A798D38C45B2}"
EndProject
Global
	GlobalSection(SolutionConfigurationPlatforms) = preSolution
		Debug|Any CPU = Debug|Any CPU
		Debug|x64 = Debug|x64
		Debug|x86 = Debug|x86
		Release|Any CPU = Release|Any CPU
		Release|x64 = Release|x64
		Release|x86 = Release|x86
	EndGlobalSection
	GlobalSection(ProjectConfigurationPlatforms) = postSolution
		{1ECB0268-2360-4328-8988-9B7AD74DC652}.Debug|Any CPU.ActiveCfg = Debug|Any CPU
		{1ECB0268-2360-4328-8988-9B7AD74DC652}.Debug|Any CPU.Build.0 = Debug|Any CPU
		{1ECB0268-2360-4328-8988-9B7AD74DC652}.Debug|x64.ActiveCfg = Debug|Any CPU
		{1ECB0268-2360-4328-8988-9B7AD74DC652}.Debug|x64.Build.0 = Debug|Any CPU
		{1ECB0268-2360-4328-8988-9B7AD74DC652}.Debug|x86.ActiveCfg = Debug|Any CPU
		{1ECB0268-2360-4328-8988-9B7AD74DC652}.Debug|x86.Build.0 = Debug|Any CPU
		{1ECB0268-2360-4328-8988-9B7AD74DC652}.Release|Any CPU.ActiveCfg = Release|Any CPU
		{1ECB0268-2360-4328-8988-9B7AD74DC652}.Release|Any CPU.Build.0 = Release|Any CPU
		{1ECB0268-2360-4328-8988-9B7AD74DC652}.Release|x64.ActiveCfg = Release|Any CPU
		{1ECB0268-2360-4328-8988-9B7AD74DC652}.Release|x64.Build.0 = Release|Any CPU
		{1ECB0268-2360-4328-8988-9B7AD74DC652}.Release|x86.ActiveCfg = Release|Any CPU
		{1ECB0268-2360-4328-8988-9B7AD74DC652}.Release|x86.Build.0 = Release|Any CPU
		{920046EB-F9FC-41D5-8DDF-3987B73C5470}.Debug|Any CPU.ActiveCfg = Debug|Any CPU
		{920046EB-F9FC-41D5-8DDF-3987B73C5470}.Debug|Any CPU.Build.0 = Debug|Any CPU
		{920046EB-F9FC-41D5-8DDF-3987B73C5470}.Debug|x64.ActiveCfg = Debug|Any CPU
		{920046EB-F9FC-41D5-8DDF-3987B73C5470}.Debug|x64.Build.0 = Debug|Any CPU
		{920046EB-F9FC-41D5-8DDF-3987B73C5470}.Debug|x86.ActiveCfg = Debug|Any CPU
		{920046EB-F9FC-41D5-8DDF-3987B73C5470}.Debug|x86.Build.0 = Debug|Any CPU
		{920046EB-F9FC-41D5-8DDF-3987B73C5470}.Release|Any CPU.ActiveCfg = Release|Any CPU
		{920046EB-F9FC-41D5-8DDF-3987B73C5470}.Release|Any CPU.Build.0 = Release|Any CPU
		{920046EB-F9FC-41D5-8DDF-3987B73C5470}.Release|x64.ActiveCfg = Release|Any CPU
		{920046EB-F9FC-41D5-8DDF-3987B73C5470}.Release|x64.Build.0 = Release|Any CPU
		{920046EB-F9FC-41D5-8DDF-3987B73C5470}.Release|x86.ActiveCfg = Release|Any CPU
		{920046EB-F9FC-41D5-8DDF-3987B73C5470}.Release|x86.Build.0 = Release|Any CPU
		{1EC09552-C956-4529-8CF4-F68547A4607E}.Debug|Any CPU.ActiveCfg = Debug|Any CPU
		{1EC09552-C956-4529-8CF4-F68547A4607E}.Debug|Any CPU.Build.0 = Debug|Any CPU
		{1EC09552-C956-4529-8CF4-F68547A4607E}.Debug|x64.ActiveCfg = Debug|Any CPU
		{1EC09552-C956-4529-8CF4-F68547A4607E}.Debug|x64.Build.0 = Debug|Any CPU
		{1EC09552-C956-4529-8CF4-F68547A4607E}.Debug|x86.ActiveCfg = Debug|Any CPU
		{1EC09552-C956-4529-8CF4-F68547A4607E}.Debug|x86.Build.0 = Debug|Any CPU
		{1EC09552-C956-4529-8CF4-F68547A4607E}.Release|Any CPU.ActiveCfg = Release|Any CPU
		{1EC09552-C956-4529-8CF4-F68547A4607E}.Release|Any CPU.Build.0 = Release|Any CPU
		{1EC09552-C956-4529-8CF4-F68547A4607E}.Release|x64.ActiveCfg = Release|Any CPU
		{1EC09552-C956-4529-8CF4-F68547A4607E}.Release|x64.Build.0 = Release|Any CPU
		{1EC09552-C956-4529-8CF4-F68547A4607E}.Release|x86.ActiveCfg = Release|Any CPU
		{1EC09552-C956-4529-8CF4-F68547A4607E}.Release|x86.Build.0 = Release|Any CPU
		{7597038B-6A9C-4549-98FE-2184E367CCEF}.Debug|Any CPU.ActiveCfg = Debug|Any CPU
		{7597038B-6A9C-4549-98FE-2184E367CCEF}.Debug|Any CPU.Build.0 = Debug|Any CPU
		{7597038B-6A9C-4549-98FE-2184E367CCEF}.Debug|x64.ActiveCfg = Debug|Any CPU
		{7597038B-6A9C-4549-98FE-2184E367CCEF}.Debug|x64.Build.0 = Debug|Any CPU
		{7597038B-6A9C-4549-98FE-2184E367CCEF}.Debug|x86.ActiveCfg = Debug|Any CPU
		{7597038B-6A9C-4549-98FE-2184E367CCEF}.Debug|x86.Build.0 = Debug|Any CPU
		{7597038B-6A9C-4549-98FE-2184E367CCEF}.Release|Any CPU.ActiveCfg = Release|Any CPU
		{7597038B-6A9C-4549-98FE-2184E367CCEF}.Release|Any CPU.Build.0 = Release|Any CPU
		{7597038B-6A9C-4549-98FE-2184E367CCEF}.Release|x64.ActiveCfg = Release|Any CPU
		{7597038B-6A9C-4549-98FE-2184E367CCEF}.Release|x64.Build.0 = Release|Any CPU
		{7597038B-6A9C-4549-98FE-2184E367CCEF}.Release|x86.ActiveCfg = Release|Any CPU
		{7597038B-6A9C-4549-98FE-2184E367CCEF}.Release|x86.Build.0 = Release|Any CPU
		{BF03FFFE-E8C3-4742-B81C-302674C425B2}.Debug|Any CPU.ActiveCfg = Debug|Any CPU
		{BF03FFFE-E8C3-4742-B81C-302674C425B2}.Debug|Any CPU.Build.0 = Debug|Any CPU
		{BF03FFFE-E8C3-4742-B81C-302674C425B2}.Debug|x64.ActiveCfg = Debug|Any CPU
		{BF03FFFE-E8C3-4742-B81C-302674C425B2}.Debug|x64.Build.0 = Debug|Any CPU
		{BF03FFFE-E8C3-4742-B81C-302674C425B2}.Debug|x86.ActiveCfg = Debug|Any CPU
		{BF03FFFE-E8C3-4742-B81C-302674C425B2}.Debug|x86.Build.0 = Debug|Any CPU
		{BF03FFFE-E8C3-4742-B81C-302674C425B2}.Release|Any CPU.ActiveCfg = Release|Any CPU
		{BF03FFFE-E8C3-4742-B81C-302674C425B2}.Release|Any CPU.Build.0 = Release|Any CPU
		{BF03FFFE-E8C3-4742-B81C-302674C425B2}.Release|x64.ActiveCfg = Release|Any CPU
		{BF03FFFE-E8C3-4742-B81C-302674C425B2}.Release|x64.Build.0 = Release|Any CPU
		{BF03FFFE-E8C3-4742-B81C-302674C425B2}.Release|x86.ActiveCfg = Release|Any CPU
		{BF03FFFE-E8C3-4742-B81C-302674C425B2}.Release|x86.Build.0 = Release|Any CPU
		{1B4491B8-B57C-46DD-AB78-BF59C4909982}.Debug|Any CPU.ActiveCfg = Debug|Any CPU
		{1B4491B8-B57C-46DD-AB78-BF59C4909982}.Debug|Any CPU.Build.0 = Debug|Any CPU
		{1B4491B8-B57C-46DD-AB78-BF59C4909982}.Debug|x64.ActiveCfg = Debug|Any CPU
		{1B4491B8-B57C-46DD-AB78-BF59C4909982}.Debug|x64.Build.0 = Debug|Any CPU
		{1B4491B8-B57C-46DD-AB78-BF59C4909982}.Debug|x86.ActiveCfg = Debug|Any CPU
		{1B4491B8-B57C-46DD-AB78-BF59C4909982}.Debug|x86.Build.0 = Debug|Any CPU
		{1B4491B8-B57C-46DD-AB78-BF59C4909982}.Release|Any CPU.ActiveCfg = Release|Any CPU
		{1B4491B8-B57C-46DD-AB78-BF59C4909982}.Release|Any CPU.Build.0 = Release|Any CPU
		{1B4491B8-B57C-46DD-AB78-BF59C4909982}.Release|x64.ActiveCfg = Release|Any CPU
		{1B4491B8-B57C-46DD-AB78-BF59C4909982}.Release|x64.Build.0 = Release|Any CPU
		{1B4491B8-B57C-46DD-AB78-BF59C4909982}.Release|x86.ActiveCfg = Release|Any CPU
		{1B4491B8-B57C-46DD-AB78-BF59C4909982}.Release|x86.Build.0 = Release|Any CPU
		{06633E1B-0F28-4776-AE77-E7F4D80A552E}.Debug|Any CPU.ActiveCfg = Debug|Any CPU
		{06633E1B-0F28-4776-AE77-E7F4D80A552E}.Debug|Any CPU.Build.0 = Debug|Any CPU
		{06633E1B-0F28-4776-AE77-E7F4D80A552E}.Debug|x64.ActiveCfg = Debug|Any CPU
		{06633E1B-0F28-4776-AE77-E7F4D80A552E}.Debug|x64.Build.0 = Debug|Any CPU
		{06633E1B-0F28-4776-AE77-E7F4D80A552E}.Debug|x86.ActiveCfg = Debug|Any CPU
		{06633E1B-0F28-4776-AE77-E7F4D80A552E}.Debug|x86.Build.0 = Debug|Any CPU
		{06633E1B-0F28-4776-AE77-E7F4D80A552E}.Release|Any CPU.ActiveCfg = Release|Any CPU
		{06633E1B-0F28-4776-AE77-E7F4D80A552E}.Release|Any CPU.Build.0 = Release|Any CPU
		{06633E1B-0F28-4776-AE77-E7F4D80A552E}.Release|x64.ActiveCfg = Release|Any CPU
		{06633E1B-0F28-4776-AE77-E7F4D80A552E}.Release|x64.Build.0 = Release|Any CPU
		{06633E1B-0F28-4776-AE77-E7F4D80A552E}.Release|x86.ActiveCfg = Release|Any CPU
		{06633E1B-0F28-4776-AE77-E7F4D80A552E}.Release|x86.Build.0 = Release|Any CPU
		{54B0FC7E-BAE8-4947-842F-D7092B0882BA}.Debug|Any CPU.ActiveCfg = Debug|Any CPU
		{54B0FC7E-BAE8-4947-842F-D7092B0882BA}.Debug|Any CPU.Build.0 = Debug|Any CPU
		{54B0FC7E-BAE8-4947-842F-D7092B0882BA}.Debug|x64.ActiveCfg = Debug|Any CPU
		{54B0FC7E-BAE8-4947-842F-D7092B0882BA}.Debug|x64.Build.0 = Debug|Any CPU
		{54B0FC7E-BAE8-4947-842F-D7092B0882BA}.Debug|x86.ActiveCfg = Debug|Any CPU
		{54B0FC7E-BAE8-4947-842F-D7092B0882BA}.Debug|x86.Build.0 = Debug|Any CPU
		{54B0FC7E-BAE8-4947-842F-D7092B0882BA}.Release|Any CPU.ActiveCfg = Release|Any CPU
		{54B0FC7E-BAE8-4947-842F-D7092B0882BA}.Release|Any CPU.Build.0 = Release|Any CPU
		{54B0FC7E-BAE8-4947-842F-D7092B0882BA}.Release|x64.ActiveCfg = Release|Any CPU
		{54B0FC7E-BAE8-4947-842F-D7092B0882BA}.Release|x64.Build.0 = Release|Any CPU
		{54B0FC7E-BAE8-4947-842F-D7092B0882BA}.Release|x86.ActiveCfg = Release|Any CPU
		{54B0FC7E-BAE8-4947-842F-D7092B0882BA}.Release|x86.Build.0 = Release|Any CPU
		{BAE65635-414F-4A83-AA40-04D4D750D31D}.Debug|Any CPU.ActiveCfg = Debug|Any CPU
		{BAE65635-414F-4A83-AA40-04D4D750D31D}.Debug|Any CPU.Build.0 = Debug|Any CPU
		{BAE65635-414F-4A83-AA40-04D4D750D31D}.Debug|x64.ActiveCfg = Debug|Any CPU
		{BAE65635-414F-4A83-AA40-04D4D750D31D}.Debug|x64.Build.0 = Debug|Any CPU
		{BAE65635-414F-4A83-AA40-04D4D750D31D}.Debug|x86.ActiveCfg = Debug|Any CPU
		{BAE65635-414F-4A83-AA40-04D4D750D31D}.Debug|x86.Build.0 = Debug|Any CPU
		{BAE65635-414F-4A83-AA40-04D4D750D31D}.Release|Any CPU.ActiveCfg = Release|Any CPU
		{BAE65635-414F-4A83-AA40-04D4D750D31D}.Release|Any CPU.Build.0 = Release|Any CPU
		{BAE65635-414F-4A83-AA40-04D4D750D31D}.Release|x64.ActiveCfg = Release|Any CPU
		{BAE65635-414F-4A83-AA40-04D4D750D31D}.Release|x64.Build.0 = Release|Any CPU
		{BAE65635-414F-4A83-AA40-04D4D750D31D}.Release|x86.ActiveCfg = Release|Any CPU
		{BAE65635-414F-4A83-AA40-04D4D750D31D}.Release|x86.Build.0 = Release|Any CPU
		{080BB331-C2EA-41F1-B270-33C3B7E38096}.Debug|Any CPU.ActiveCfg = Debug|Any CPU
		{080BB331-C2EA-41F1-B270-33C3B7E38096}.Debug|Any CPU.Build.0 = Debug|Any CPU
		{080BB331-C2EA-41F1-B270-33C3B7E38096}.Debug|x64.ActiveCfg = Debug|Any CPU
		{080BB331-C2EA-41F1-B270-33C3B7E38096}.Debug|x64.Build.0 = Debug|Any CPU
		{080BB331-C2EA-41F1-B270-33C3B7E38096}.Debug|x86.ActiveCfg = Debug|Any CPU
		{080BB331-C2EA-41F1-B270-33C3B7E38096}.Debug|x86.Build.0 = Debug|Any CPU
		{080BB331-C2EA-41F1-B270-33C3B7E38096}.Release|Any CPU.ActiveCfg = Release|Any CPU
		{080BB331-C2EA-41F1-B270-33C3B7E38096}.Release|Any CPU.Build.0 = Release|Any CPU
		{080BB331-C2EA-41F1-B270-33C3B7E38096}.Release|x64.ActiveCfg = Release|Any CPU
		{080BB331-C2EA-41F1-B270-33C3B7E38096}.Release|x64.Build.0 = Release|Any CPU
		{080BB331-C2EA-41F1-B270-33C3B7E38096}.Release|x86.ActiveCfg = Release|Any CPU
		{080BB331-C2EA-41F1-B270-33C3B7E38096}.Release|x86.Build.0 = Release|Any CPU
		{D31A2CBF-09EF-4171-82C7-C34AF2999713}.Debug|Any CPU.ActiveCfg = Debug|Any CPU
		{D31A2CBF-09EF-4171-82C7-C34AF2999713}.Debug|Any CPU.Build.0 = Debug|Any CPU
		{D31A2CBF-09EF-4171-82C7-C34AF2999713}.Debug|x64.ActiveCfg = Debug|Any CPU
		{D31A2CBF-09EF-4171-82C7-C34AF2999713}.Debug|x64.Build.0 = Debug|Any CPU
		{D31A2CBF-09EF-4171-82C7-C34AF2999713}.Debug|x86.ActiveCfg = Debug|Any CPU
		{D31A2CBF-09EF-4171-82C7-C34AF2999713}.Debug|x86.Build.0 = Debug|Any CPU
		{D31A2CBF-09EF-4171-82C7-C34AF2999713}.Release|Any CPU.ActiveCfg = Release|Any CPU
		{D31A2CBF-09EF-4171-82C7-C34AF2999713}.Release|Any CPU.Build.0 = Release|Any CPU
		{D31A2CBF-09EF-4171-82C7-C34AF2999713}.Release|x64.ActiveCfg = Release|Any CPU
		{D31A2CBF-09EF-4171-82C7-C34AF2999713}.Release|x64.Build.0 = Release|Any CPU
		{D31A2CBF-09EF-4171-82C7-C34AF2999713}.Release|x86.ActiveCfg = Release|Any CPU
		{D31A2CBF-09EF-4171-82C7-C34AF2999713}.Release|x86.Build.0 = Release|Any CPU
		{DEE8888C-28B8-4C36-8883-AF0C330047C0}.Debug|Any CPU.ActiveCfg = Debug|Any CPU
		{DEE8888C-28B8-4C36-8883-AF0C330047C0}.Debug|Any CPU.Build.0 = Debug|Any CPU
		{DEE8888C-28B8-4C36-8883-AF0C330047C0}.Debug|x64.ActiveCfg = Debug|Any CPU
		{DEE8888C-28B8-4C36-8883-AF0C330047C0}.Debug|x64.Build.0 = Debug|Any CPU
		{DEE8888C-28B8-4C36-8883-AF0C330047C0}.Debug|x86.ActiveCfg = Debug|Any CPU
		{DEE8888C-28B8-4C36-8883-AF0C330047C0}.Debug|x86.Build.0 = Debug|Any CPU
		{DEE8888C-28B8-4C36-8883-AF0C330047C0}.Release|Any CPU.ActiveCfg = Release|Any CPU
		{DEE8888C-28B8-4C36-8883-AF0C330047C0}.Release|Any CPU.Build.0 = Release|Any CPU
		{DEE8888C-28B8-4C36-8883-AF0C330047C0}.Release|x64.ActiveCfg = Release|Any CPU
		{DEE8888C-28B8-4C36-8883-AF0C330047C0}.Release|x64.Build.0 = Release|Any CPU
		{DEE8888C-28B8-4C36-8883-AF0C330047C0}.Release|x86.ActiveCfg = Release|Any CPU
		{DEE8888C-28B8-4C36-8883-AF0C330047C0}.Release|x86.Build.0 = Release|Any CPU
		{021E721E-6694-43CE-B152-848547972813}.Debug|Any CPU.ActiveCfg = Debug|Any CPU
		{021E721E-6694-43CE-B152-848547972813}.Debug|Any CPU.Build.0 = Debug|Any CPU
		{021E721E-6694-43CE-B152-848547972813}.Debug|x64.ActiveCfg = Debug|Any CPU
		{021E721E-6694-43CE-B152-848547972813}.Debug|x64.Build.0 = Debug|Any CPU
		{021E721E-6694-43CE-B152-848547972813}.Debug|x86.ActiveCfg = Debug|Any CPU
		{021E721E-6694-43CE-B152-848547972813}.Debug|x86.Build.0 = Debug|Any CPU
		{021E721E-6694-43CE-B152-848547972813}.Release|Any CPU.ActiveCfg = Release|Any CPU
		{021E721E-6694-43CE-B152-848547972813}.Release|Any CPU.Build.0 = Release|Any CPU
		{021E721E-6694-43CE-B152-848547972813}.Release|x64.ActiveCfg = Release|Any CPU
		{021E721E-6694-43CE-B152-848547972813}.Release|x64.Build.0 = Release|Any CPU
		{021E721E-6694-43CE-B152-848547972813}.Release|x86.ActiveCfg = Release|Any CPU
		{021E721E-6694-43CE-B152-848547972813}.Release|x86.Build.0 = Release|Any CPU
		{039BA12B-6B54-4FDB-8EC3-C90756536F9F}.Debug|Any CPU.ActiveCfg = Debug|Any CPU
		{039BA12B-6B54-4FDB-8EC3-C90756536F9F}.Debug|Any CPU.Build.0 = Debug|Any CPU
		{039BA12B-6B54-4FDB-8EC3-C90756536F9F}.Debug|x64.ActiveCfg = Debug|Any CPU
		{039BA12B-6B54-4FDB-8EC3-C90756536F9F}.Debug|x64.Build.0 = Debug|Any CPU
		{039BA12B-6B54-4FDB-8EC3-C90756536F9F}.Debug|x86.ActiveCfg = Debug|Any CPU
		{039BA12B-6B54-4FDB-8EC3-C90756536F9F}.Debug|x86.Build.0 = Debug|Any CPU
		{039BA12B-6B54-4FDB-8EC3-C90756536F9F}.Release|Any CPU.ActiveCfg = Release|Any CPU
		{039BA12B-6B54-4FDB-8EC3-C90756536F9F}.Release|Any CPU.Build.0 = Release|Any CPU
		{039BA12B-6B54-4FDB-8EC3-C90756536F9F}.Release|x64.ActiveCfg = Release|Any CPU
		{039BA12B-6B54-4FDB-8EC3-C90756536F9F}.Release|x64.Build.0 = Release|Any CPU
		{039BA12B-6B54-4FDB-8EC3-C90756536F9F}.Release|x86.ActiveCfg = Release|Any CPU
		{039BA12B-6B54-4FDB-8EC3-C90756536F9F}.Release|x86.Build.0 = Release|Any CPU
		{D3C7578B-0657-4BB0-A10A-4D8F84A73B15}.Debug|Any CPU.ActiveCfg = Debug|Any CPU
		{D3C7578B-0657-4BB0-A10A-4D8F84A73B15}.Debug|Any CPU.Build.0 = Debug|Any CPU
		{D3C7578B-0657-4BB0-A10A-4D8F84A73B15}.Debug|x64.ActiveCfg = Debug|Any CPU
		{D3C7578B-0657-4BB0-A10A-4D8F84A73B15}.Debug|x64.Build.0 = Debug|Any CPU
		{D3C7578B-0657-4BB0-A10A-4D8F84A73B15}.Debug|x86.ActiveCfg = Debug|Any CPU
		{D3C7578B-0657-4BB0-A10A-4D8F84A73B15}.Debug|x86.Build.0 = Debug|Any CPU
		{D3C7578B-0657-4BB0-A10A-4D8F84A73B15}.Release|Any CPU.ActiveCfg = Release|Any CPU
		{D3C7578B-0657-4BB0-A10A-4D8F84A73B15}.Release|Any CPU.Build.0 = Release|Any CPU
		{D3C7578B-0657-4BB0-A10A-4D8F84A73B15}.Release|x64.ActiveCfg = Release|Any CPU
		{D3C7578B-0657-4BB0-A10A-4D8F84A73B15}.Release|x64.Build.0 = Release|Any CPU
		{D3C7578B-0657-4BB0-A10A-4D8F84A73B15}.Release|x86.ActiveCfg = Release|Any CPU
		{D3C7578B-0657-4BB0-A10A-4D8F84A73B15}.Release|x86.Build.0 = Release|Any CPU
		{75E2F006-5FF4-4EEE-BDAB-08AA42D415B7}.Debug|Any CPU.ActiveCfg = Debug|Any CPU
		{75E2F006-5FF4-4EEE-BDAB-08AA42D415B7}.Debug|Any CPU.Build.0 = Debug|Any CPU
		{75E2F006-5FF4-4EEE-BDAB-08AA42D415B7}.Debug|x64.ActiveCfg = Debug|Any CPU
		{75E2F006-5FF4-4EEE-BDAB-08AA42D415B7}.Debug|x64.Build.0 = Debug|Any CPU
		{75E2F006-5FF4-4EEE-BDAB-08AA42D415B7}.Debug|x86.ActiveCfg = Debug|Any CPU
		{75E2F006-5FF4-4EEE-BDAB-08AA42D415B7}.Debug|x86.Build.0 = Debug|Any CPU
		{75E2F006-5FF4-4EEE-BDAB-08AA42D415B7}.Release|Any CPU.ActiveCfg = Release|Any CPU
		{75E2F006-5FF4-4EEE-BDAB-08AA42D415B7}.Release|Any CPU.Build.0 = Release|Any CPU
		{75E2F006-5FF4-4EEE-BDAB-08AA42D415B7}.Release|x64.ActiveCfg = Release|Any CPU
		{75E2F006-5FF4-4EEE-BDAB-08AA42D415B7}.Release|x64.Build.0 = Release|Any CPU
		{75E2F006-5FF4-4EEE-BDAB-08AA42D415B7}.Release|x86.ActiveCfg = Release|Any CPU
		{75E2F006-5FF4-4EEE-BDAB-08AA42D415B7}.Release|x86.Build.0 = Release|Any CPU
		{DA3B53F4-A1A8-4EA4-8277-A2C49CD8E630}.Debug|Any CPU.ActiveCfg = Debug|Any CPU
		{DA3B53F4-A1A8-4EA4-8277-A2C49CD8E630}.Debug|Any CPU.Build.0 = Debug|Any CPU
		{DA3B53F4-A1A8-4EA4-8277-A2C49CD8E630}.Debug|x64.ActiveCfg = Debug|Any CPU
		{DA3B53F4-A1A8-4EA4-8277-A2C49CD8E630}.Debug|x64.Build.0 = Debug|Any CPU
		{DA3B53F4-A1A8-4EA4-8277-A2C49CD8E630}.Debug|x86.ActiveCfg = Debug|Any CPU
		{DA3B53F4-A1A8-4EA4-8277-A2C49CD8E630}.Debug|x86.Build.0 = Debug|Any CPU
		{DA3B53F4-A1A8-4EA4-8277-A2C49CD8E630}.Release|Any CPU.ActiveCfg = Release|Any CPU
		{DA3B53F4-A1A8-4EA4-8277-A2C49CD8E630}.Release|Any CPU.Build.0 = Release|Any CPU
		{DA3B53F4-A1A8-4EA4-8277-A2C49CD8E630}.Release|x64.ActiveCfg = Release|Any CPU
		{DA3B53F4-A1A8-4EA4-8277-A2C49CD8E630}.Release|x64.Build.0 = Release|Any CPU
		{DA3B53F4-A1A8-4EA4-8277-A2C49CD8E630}.Release|x86.ActiveCfg = Release|Any CPU
		{DA3B53F4-A1A8-4EA4-8277-A2C49CD8E630}.Release|x86.Build.0 = Release|Any CPU
		{EA38BF80-ADEB-4649-A44D-0DF2057DF03D}.Debug|Any CPU.ActiveCfg = Debug|Any CPU
		{EA38BF80-ADEB-4649-A44D-0DF2057DF03D}.Debug|Any CPU.Build.0 = Debug|Any CPU
		{EA38BF80-ADEB-4649-A44D-0DF2057DF03D}.Debug|x64.ActiveCfg = Debug|Any CPU
		{EA38BF80-ADEB-4649-A44D-0DF2057DF03D}.Debug|x64.Build.0 = Debug|Any CPU
		{EA38BF80-ADEB-4649-A44D-0DF2057DF03D}.Debug|x86.ActiveCfg = Debug|Any CPU
		{EA38BF80-ADEB-4649-A44D-0DF2057DF03D}.Debug|x86.Build.0 = Debug|Any CPU
		{EA38BF80-ADEB-4649-A44D-0DF2057DF03D}.Release|Any CPU.ActiveCfg = Release|Any CPU
		{EA38BF80-ADEB-4649-A44D-0DF2057DF03D}.Release|Any CPU.Build.0 = Release|Any CPU
		{EA38BF80-ADEB-4649-A44D-0DF2057DF03D}.Release|x64.ActiveCfg = Release|Any CPU
		{EA38BF80-ADEB-4649-A44D-0DF2057DF03D}.Release|x64.Build.0 = Release|Any CPU
		{EA38BF80-ADEB-4649-A44D-0DF2057DF03D}.Release|x86.ActiveCfg = Release|Any CPU
		{EA38BF80-ADEB-4649-A44D-0DF2057DF03D}.Release|x86.Build.0 = Release|Any CPU
		{79F3F701-64EB-4100-A690-580211B1834B}.Debug|Any CPU.ActiveCfg = Debug|Any CPU
		{79F3F701-64EB-4100-A690-580211B1834B}.Debug|Any CPU.Build.0 = Debug|Any CPU
		{79F3F701-64EB-4100-A690-580211B1834B}.Debug|x64.ActiveCfg = Debug|Any CPU
		{79F3F701-64EB-4100-A690-580211B1834B}.Debug|x64.Build.0 = Debug|Any CPU
		{79F3F701-64EB-4100-A690-580211B1834B}.Debug|x86.ActiveCfg = Debug|Any CPU
		{79F3F701-64EB-4100-A690-580211B1834B}.Debug|x86.Build.0 = Debug|Any CPU
		{79F3F701-64EB-4100-A690-580211B1834B}.Release|Any CPU.ActiveCfg = Release|Any CPU
		{79F3F701-64EB-4100-A690-580211B1834B}.Release|Any CPU.Build.0 = Release|Any CPU
		{79F3F701-64EB-4100-A690-580211B1834B}.Release|x64.ActiveCfg = Release|Any CPU
		{79F3F701-64EB-4100-A690-580211B1834B}.Release|x64.Build.0 = Release|Any CPU
		{79F3F701-64EB-4100-A690-580211B1834B}.Release|x86.ActiveCfg = Release|Any CPU
		{79F3F701-64EB-4100-A690-580211B1834B}.Release|x86.Build.0 = Release|Any CPU
		{FCFC7FB7-52BD-472F-BE6E-F478CBA1A533}.Debug|Any CPU.ActiveCfg = Debug|Any CPU
		{FCFC7FB7-52BD-472F-BE6E-F478CBA1A533}.Debug|Any CPU.Build.0 = Debug|Any CPU
		{FCFC7FB7-52BD-472F-BE6E-F478CBA1A533}.Debug|x64.ActiveCfg = Debug|Any CPU
		{FCFC7FB7-52BD-472F-BE6E-F478CBA1A533}.Debug|x64.Build.0 = Debug|Any CPU
		{FCFC7FB7-52BD-472F-BE6E-F478CBA1A533}.Debug|x86.ActiveCfg = Debug|Any CPU
		{FCFC7FB7-52BD-472F-BE6E-F478CBA1A533}.Debug|x86.Build.0 = Debug|Any CPU
		{FCFC7FB7-52BD-472F-BE6E-F478CBA1A533}.Release|Any CPU.ActiveCfg = Release|Any CPU
		{FCFC7FB7-52BD-472F-BE6E-F478CBA1A533}.Release|Any CPU.Build.0 = Release|Any CPU
		{FCFC7FB7-52BD-472F-BE6E-F478CBA1A533}.Release|x64.ActiveCfg = Release|Any CPU
		{FCFC7FB7-52BD-472F-BE6E-F478CBA1A533}.Release|x64.Build.0 = Release|Any CPU
		{FCFC7FB7-52BD-472F-BE6E-F478CBA1A533}.Release|x86.ActiveCfg = Release|Any CPU
		{FCFC7FB7-52BD-472F-BE6E-F478CBA1A533}.Release|x86.Build.0 = Release|Any CPU
		{DDABD2D4-BFBA-4F59-BA16-759D012C7F15}.Debug|Any CPU.ActiveCfg = Debug|Any CPU
		{DDABD2D4-BFBA-4F59-BA16-759D012C7F15}.Debug|Any CPU.Build.0 = Debug|Any CPU
		{DDABD2D4-BFBA-4F59-BA16-759D012C7F15}.Debug|x64.ActiveCfg = Debug|Any CPU
		{DDABD2D4-BFBA-4F59-BA16-759D012C7F15}.Debug|x64.Build.0 = Debug|Any CPU
		{DDABD2D4-BFBA-4F59-BA16-759D012C7F15}.Debug|x86.ActiveCfg = Debug|Any CPU
		{DDABD2D4-BFBA-4F59-BA16-759D012C7F15}.Debug|x86.Build.0 = Debug|Any CPU
		{DDABD2D4-BFBA-4F59-BA16-759D012C7F15}.Release|Any CPU.ActiveCfg = Release|Any CPU
		{DDABD2D4-BFBA-4F59-BA16-759D012C7F15}.Release|Any CPU.Build.0 = Release|Any CPU
		{DDABD2D4-BFBA-4F59-BA16-759D012C7F15}.Release|x64.ActiveCfg = Release|Any CPU
		{DDABD2D4-BFBA-4F59-BA16-759D012C7F15}.Release|x64.Build.0 = Release|Any CPU
		{DDABD2D4-BFBA-4F59-BA16-759D012C7F15}.Release|x86.ActiveCfg = Release|Any CPU
		{DDABD2D4-BFBA-4F59-BA16-759D012C7F15}.Release|x86.Build.0 = Release|Any CPU
		{5115CFFB-7531-4095-9116-DBA607F19930}.Debug|Any CPU.ActiveCfg = Debug|Any CPU
		{5115CFFB-7531-4095-9116-DBA607F19930}.Debug|Any CPU.Build.0 = Debug|Any CPU
		{5115CFFB-7531-4095-9116-DBA607F19930}.Debug|x64.ActiveCfg = Debug|Any CPU
		{5115CFFB-7531-4095-9116-DBA607F19930}.Debug|x64.Build.0 = Debug|Any CPU
		{5115CFFB-7531-4095-9116-DBA607F19930}.Debug|x86.ActiveCfg = Debug|Any CPU
		{5115CFFB-7531-4095-9116-DBA607F19930}.Debug|x86.Build.0 = Debug|Any CPU
		{5115CFFB-7531-4095-9116-DBA607F19930}.Release|Any CPU.ActiveCfg = Release|Any CPU
		{5115CFFB-7531-4095-9116-DBA607F19930}.Release|Any CPU.Build.0 = Release|Any CPU
		{5115CFFB-7531-4095-9116-DBA607F19930}.Release|x64.ActiveCfg = Release|Any CPU
		{5115CFFB-7531-4095-9116-DBA607F19930}.Release|x64.Build.0 = Release|Any CPU
		{5115CFFB-7531-4095-9116-DBA607F19930}.Release|x86.ActiveCfg = Release|Any CPU
		{5115CFFB-7531-4095-9116-DBA607F19930}.Release|x86.Build.0 = Release|Any CPU
		{9447E0B7-9777-44AF-AE8C-1851F1C3640A}.Debug|Any CPU.ActiveCfg = Debug|Any CPU
		{9447E0B7-9777-44AF-AE8C-1851F1C3640A}.Debug|Any CPU.Build.0 = Debug|Any CPU
		{9447E0B7-9777-44AF-AE8C-1851F1C3640A}.Debug|x64.ActiveCfg = Debug|Any CPU
		{9447E0B7-9777-44AF-AE8C-1851F1C3640A}.Debug|x64.Build.0 = Debug|Any CPU
		{9447E0B7-9777-44AF-AE8C-1851F1C3640A}.Debug|x86.ActiveCfg = Debug|Any CPU
		{9447E0B7-9777-44AF-AE8C-1851F1C3640A}.Debug|x86.Build.0 = Debug|Any CPU
		{9447E0B7-9777-44AF-AE8C-1851F1C3640A}.Release|Any CPU.ActiveCfg = Release|Any CPU
		{9447E0B7-9777-44AF-AE8C-1851F1C3640A}.Release|Any CPU.Build.0 = Release|Any CPU
		{9447E0B7-9777-44AF-AE8C-1851F1C3640A}.Release|x64.ActiveCfg = Release|Any CPU
		{9447E0B7-9777-44AF-AE8C-1851F1C3640A}.Release|x64.Build.0 = Release|Any CPU
		{9447E0B7-9777-44AF-AE8C-1851F1C3640A}.Release|x86.ActiveCfg = Release|Any CPU
		{9447E0B7-9777-44AF-AE8C-1851F1C3640A}.Release|x86.Build.0 = Release|Any CPU
		{CD5E0D2F-4F14-4A86-85C5-77AD8DB9FA19}.Debug|Any CPU.ActiveCfg = Debug|Any CPU
		{CD5E0D2F-4F14-4A86-85C5-77AD8DB9FA19}.Debug|Any CPU.Build.0 = Debug|Any CPU
		{CD5E0D2F-4F14-4A86-85C5-77AD8DB9FA19}.Debug|x64.ActiveCfg = Debug|Any CPU
		{CD5E0D2F-4F14-4A86-85C5-77AD8DB9FA19}.Debug|x64.Build.0 = Debug|Any CPU
		{CD5E0D2F-4F14-4A86-85C5-77AD8DB9FA19}.Debug|x86.ActiveCfg = Debug|Any CPU
		{CD5E0D2F-4F14-4A86-85C5-77AD8DB9FA19}.Debug|x86.Build.0 = Debug|Any CPU
		{CD5E0D2F-4F14-4A86-85C5-77AD8DB9FA19}.Release|Any CPU.ActiveCfg = Release|Any CPU
		{CD5E0D2F-4F14-4A86-85C5-77AD8DB9FA19}.Release|Any CPU.Build.0 = Release|Any CPU
		{CD5E0D2F-4F14-4A86-85C5-77AD8DB9FA19}.Release|x64.ActiveCfg = Release|Any CPU
		{CD5E0D2F-4F14-4A86-85C5-77AD8DB9FA19}.Release|x64.Build.0 = Release|Any CPU
		{CD5E0D2F-4F14-4A86-85C5-77AD8DB9FA19}.Release|x86.ActiveCfg = Release|Any CPU
		{CD5E0D2F-4F14-4A86-85C5-77AD8DB9FA19}.Release|x86.Build.0 = Release|Any CPU
		{B1CA6007-5CE3-4C94-905B-13D33D975A84}.Debug|Any CPU.ActiveCfg = Debug|Any CPU
		{B1CA6007-5CE3-4C94-905B-13D33D975A84}.Debug|Any CPU.Build.0 = Debug|Any CPU
		{B1CA6007-5CE3-4C94-905B-13D33D975A84}.Debug|x64.ActiveCfg = Debug|Any CPU
		{B1CA6007-5CE3-4C94-905B-13D33D975A84}.Debug|x64.Build.0 = Debug|Any CPU
		{B1CA6007-5CE3-4C94-905B-13D33D975A84}.Debug|x86.ActiveCfg = Debug|Any CPU
		{B1CA6007-5CE3-4C94-905B-13D33D975A84}.Debug|x86.Build.0 = Debug|Any CPU
		{B1CA6007-5CE3-4C94-905B-13D33D975A84}.Release|Any CPU.ActiveCfg = Release|Any CPU
		{B1CA6007-5CE3-4C94-905B-13D33D975A84}.Release|Any CPU.Build.0 = Release|Any CPU
		{B1CA6007-5CE3-4C94-905B-13D33D975A84}.Release|x64.ActiveCfg = Release|Any CPU
		{B1CA6007-5CE3-4C94-905B-13D33D975A84}.Release|x64.Build.0 = Release|Any CPU
		{B1CA6007-5CE3-4C94-905B-13D33D975A84}.Release|x86.ActiveCfg = Release|Any CPU
		{B1CA6007-5CE3-4C94-905B-13D33D975A84}.Release|x86.Build.0 = Release|Any CPU
		{18E3B6F3-50DE-44BF-A1C0-B11D34164999}.Debug|Any CPU.ActiveCfg = Debug|Any CPU
		{18E3B6F3-50DE-44BF-A1C0-B11D34164999}.Debug|Any CPU.Build.0 = Debug|Any CPU
		{18E3B6F3-50DE-44BF-A1C0-B11D34164999}.Debug|x64.ActiveCfg = Debug|Any CPU
		{18E3B6F3-50DE-44BF-A1C0-B11D34164999}.Debug|x64.Build.0 = Debug|Any CPU
		{18E3B6F3-50DE-44BF-A1C0-B11D34164999}.Debug|x86.ActiveCfg = Debug|Any CPU
		{18E3B6F3-50DE-44BF-A1C0-B11D34164999}.Debug|x86.Build.0 = Debug|Any CPU
		{18E3B6F3-50DE-44BF-A1C0-B11D34164999}.Release|Any CPU.ActiveCfg = Release|Any CPU
		{18E3B6F3-50DE-44BF-A1C0-B11D34164999}.Release|Any CPU.Build.0 = Release|Any CPU
		{18E3B6F3-50DE-44BF-A1C0-B11D34164999}.Release|x64.ActiveCfg = Release|Any CPU
		{18E3B6F3-50DE-44BF-A1C0-B11D34164999}.Release|x64.Build.0 = Release|Any CPU
		{18E3B6F3-50DE-44BF-A1C0-B11D34164999}.Release|x86.ActiveCfg = Release|Any CPU
		{18E3B6F3-50DE-44BF-A1C0-B11D34164999}.Release|x86.Build.0 = Release|Any CPU
		{4827B10A-CE22-47ED-95E5-71354856A913}.Debug|Any CPU.ActiveCfg = Debug|Any CPU
		{4827B10A-CE22-47ED-95E5-71354856A913}.Debug|Any CPU.Build.0 = Debug|Any CPU
		{4827B10A-CE22-47ED-95E5-71354856A913}.Debug|x64.ActiveCfg = Debug|Any CPU
		{4827B10A-CE22-47ED-95E5-71354856A913}.Debug|x64.Build.0 = Debug|Any CPU
		{4827B10A-CE22-47ED-95E5-71354856A913}.Debug|x86.ActiveCfg = Debug|Any CPU
		{4827B10A-CE22-47ED-95E5-71354856A913}.Debug|x86.Build.0 = Debug|Any CPU
		{4827B10A-CE22-47ED-95E5-71354856A913}.Release|Any CPU.ActiveCfg = Release|Any CPU
		{4827B10A-CE22-47ED-95E5-71354856A913}.Release|Any CPU.Build.0 = Release|Any CPU
		{4827B10A-CE22-47ED-95E5-71354856A913}.Release|x64.ActiveCfg = Release|Any CPU
		{4827B10A-CE22-47ED-95E5-71354856A913}.Release|x64.Build.0 = Release|Any CPU
		{4827B10A-CE22-47ED-95E5-71354856A913}.Release|x86.ActiveCfg = Release|Any CPU
		{4827B10A-CE22-47ED-95E5-71354856A913}.Release|x86.Build.0 = Release|Any CPU
		{BD111AF5-2EF8-4388-90D5-68749AF09B3C}.Debug|Any CPU.ActiveCfg = Debug|Any CPU
		{BD111AF5-2EF8-4388-90D5-68749AF09B3C}.Debug|Any CPU.Build.0 = Debug|Any CPU
		{BD111AF5-2EF8-4388-90D5-68749AF09B3C}.Debug|x64.ActiveCfg = Debug|Any CPU
		{BD111AF5-2EF8-4388-90D5-68749AF09B3C}.Debug|x64.Build.0 = Debug|Any CPU
		{BD111AF5-2EF8-4388-90D5-68749AF09B3C}.Debug|x86.ActiveCfg = Debug|Any CPU
		{BD111AF5-2EF8-4388-90D5-68749AF09B3C}.Debug|x86.Build.0 = Debug|Any CPU
		{BD111AF5-2EF8-4388-90D5-68749AF09B3C}.Release|Any CPU.ActiveCfg = Release|Any CPU
		{BD111AF5-2EF8-4388-90D5-68749AF09B3C}.Release|Any CPU.Build.0 = Release|Any CPU
		{BD111AF5-2EF8-4388-90D5-68749AF09B3C}.Release|x64.ActiveCfg = Release|Any CPU
		{BD111AF5-2EF8-4388-90D5-68749AF09B3C}.Release|x64.Build.0 = Release|Any CPU
		{BD111AF5-2EF8-4388-90D5-68749AF09B3C}.Release|x86.ActiveCfg = Release|Any CPU
		{BD111AF5-2EF8-4388-90D5-68749AF09B3C}.Release|x86.Build.0 = Release|Any CPU
		{57E6B090-281B-4F50-A60D-781B8A652346}.Debug|Any CPU.ActiveCfg = Debug|Any CPU
		{57E6B090-281B-4F50-A60D-781B8A652346}.Debug|Any CPU.Build.0 = Debug|Any CPU
		{57E6B090-281B-4F50-A60D-781B8A652346}.Debug|x64.ActiveCfg = Debug|Any CPU
		{57E6B090-281B-4F50-A60D-781B8A652346}.Debug|x64.Build.0 = Debug|Any CPU
		{57E6B090-281B-4F50-A60D-781B8A652346}.Debug|x86.ActiveCfg = Debug|Any CPU
		{57E6B090-281B-4F50-A60D-781B8A652346}.Debug|x86.Build.0 = Debug|Any CPU
		{57E6B090-281B-4F50-A60D-781B8A652346}.Release|Any CPU.ActiveCfg = Release|Any CPU
		{57E6B090-281B-4F50-A60D-781B8A652346}.Release|Any CPU.Build.0 = Release|Any CPU
		{57E6B090-281B-4F50-A60D-781B8A652346}.Release|x64.ActiveCfg = Release|Any CPU
		{57E6B090-281B-4F50-A60D-781B8A652346}.Release|x64.Build.0 = Release|Any CPU
		{57E6B090-281B-4F50-A60D-781B8A652346}.Release|x86.ActiveCfg = Release|Any CPU
		{57E6B090-281B-4F50-A60D-781B8A652346}.Release|x86.Build.0 = Release|Any CPU
		{A8A83B7F-5754-485F-AF37-BE0BE6750C8B}.Debug|Any CPU.ActiveCfg = Debug|Any CPU
		{A8A83B7F-5754-485F-AF37-BE0BE6750C8B}.Debug|Any CPU.Build.0 = Debug|Any CPU
		{A8A83B7F-5754-485F-AF37-BE0BE6750C8B}.Debug|x64.ActiveCfg = Debug|Any CPU
		{A8A83B7F-5754-485F-AF37-BE0BE6750C8B}.Debug|x64.Build.0 = Debug|Any CPU
		{A8A83B7F-5754-485F-AF37-BE0BE6750C8B}.Debug|x86.ActiveCfg = Debug|Any CPU
		{A8A83B7F-5754-485F-AF37-BE0BE6750C8B}.Debug|x86.Build.0 = Debug|Any CPU
		{A8A83B7F-5754-485F-AF37-BE0BE6750C8B}.Release|Any CPU.ActiveCfg = Release|Any CPU
		{A8A83B7F-5754-485F-AF37-BE0BE6750C8B}.Release|Any CPU.Build.0 = Release|Any CPU
		{A8A83B7F-5754-485F-AF37-BE0BE6750C8B}.Release|x64.ActiveCfg = Release|Any CPU
		{A8A83B7F-5754-485F-AF37-BE0BE6750C8B}.Release|x64.Build.0 = Release|Any CPU
		{A8A83B7F-5754-485F-AF37-BE0BE6750C8B}.Release|x86.ActiveCfg = Release|Any CPU
		{A8A83B7F-5754-485F-AF37-BE0BE6750C8B}.Release|x86.Build.0 = Release|Any CPU
		{D6C0101D-7789-4B41-A222-C6DD521576D8}.Debug|Any CPU.ActiveCfg = Debug|Any CPU
		{D6C0101D-7789-4B41-A222-C6DD521576D8}.Debug|Any CPU.Build.0 = Debug|Any CPU
		{D6C0101D-7789-4B41-A222-C6DD521576D8}.Debug|x64.ActiveCfg = Debug|Any CPU
		{D6C0101D-7789-4B41-A222-C6DD521576D8}.Debug|x64.Build.0 = Debug|Any CPU
		{D6C0101D-7789-4B41-A222-C6DD521576D8}.Debug|x86.ActiveCfg = Debug|Any CPU
		{D6C0101D-7789-4B41-A222-C6DD521576D8}.Debug|x86.Build.0 = Debug|Any CPU
		{D6C0101D-7789-4B41-A222-C6DD521576D8}.Release|Any CPU.ActiveCfg = Release|Any CPU
		{D6C0101D-7789-4B41-A222-C6DD521576D8}.Release|Any CPU.Build.0 = Release|Any CPU
		{D6C0101D-7789-4B41-A222-C6DD521576D8}.Release|x64.ActiveCfg = Release|Any CPU
		{D6C0101D-7789-4B41-A222-C6DD521576D8}.Release|x64.Build.0 = Release|Any CPU
		{D6C0101D-7789-4B41-A222-C6DD521576D8}.Release|x86.ActiveCfg = Release|Any CPU
		{D6C0101D-7789-4B41-A222-C6DD521576D8}.Release|x86.Build.0 = Release|Any CPU
		{1600F87A-F23E-4265-94CC-A798D38C45B2}.Debug|Any CPU.ActiveCfg = Debug|Any CPU
		{1600F87A-F23E-4265-94CC-A798D38C45B2}.Debug|Any CPU.Build.0 = Debug|Any CPU
		{1600F87A-F23E-4265-94CC-A798D38C45B2}.Debug|x64.ActiveCfg = Debug|Any CPU
		{1600F87A-F23E-4265-94CC-A798D38C45B2}.Debug|x64.Build.0 = Debug|Any CPU
		{1600F87A-F23E-4265-94CC-A798D38C45B2}.Debug|x86.ActiveCfg = Debug|Any CPU
		{1600F87A-F23E-4265-94CC-A798D38C45B2}.Debug|x86.Build.0 = Debug|Any CPU
		{1600F87A-F23E-4265-94CC-A798D38C45B2}.Release|Any CPU.ActiveCfg = Release|Any CPU
		{1600F87A-F23E-4265-94CC-A798D38C45B2}.Release|Any CPU.Build.0 = Release|Any CPU
		{1600F87A-F23E-4265-94CC-A798D38C45B2}.Release|x64.ActiveCfg = Release|Any CPU
		{1600F87A-F23E-4265-94CC-A798D38C45B2}.Release|x64.Build.0 = Release|Any CPU
		{1600F87A-F23E-4265-94CC-A798D38C45B2}.Release|x86.ActiveCfg = Release|Any CPU
		{1600F87A-F23E-4265-94CC-A798D38C45B2}.Release|x86.Build.0 = Release|Any CPU
	EndGlobalSection
	GlobalSection(SolutionProperties) = preSolution
		HideSolutionNode = FALSE
	EndGlobalSection
	GlobalSection(ExtensibilityGlobals) = postSolution
		SolutionGuid = {0E1C3343-4928-447D-B49F-D89CDEE01584}
	EndGlobalSection
EndGlobal
